
Microsoft Visual Studio Solution File, Format Version 12.00
# Visual Studio Version 16
VisualStudioVersion = 16.0.31702.278
MinimumVisualStudioVersion = 10.0.40219.1
Project("{FAE04EC0-301F-11D3-BF4B-00C04F79EFBC}") = "ApiMercado", "ApiMercado\ApiMercado.csproj", "{B3E0774C-1DB5-4082-93F5-197DA2F3CE7B}"
EndProject
Global
	GlobalSection(SolutionConfigurationPlatforms) = preSolution
		Debug|Any CPU = Debug|Any CPU
		Release|Any CPU = Release|Any CPU
	EndGlobalSection
	GlobalSection(ProjectConfigurationPlatforms) = postSolution
		{B3E0774C-1DB5-4082-93F5-197DA2F3CE7B}.Debug|Any CPU.ActiveCfg = Debug|Any CPU
		{B3E0774C-1DB5-4082-93F5-197DA2F3CE7B}.Debug|Any CPU.Build.0 = Debug|Any CPU
		{B3E0774C-1DB5-4082-93F5-197DA2F3CE7B}.Release|Any CPU.ActiveCfg = Release|Any CPU
		{B3E0774C-1DB5-4082-93F5-197DA2F3CE7B}.Release|Any CPU.Build.0 = Release|Any CPU
	EndGlobalSection
	GlobalSection(SolutionProperties) = preSolution
		HideSolutionNode = FALSE
	EndGlobalSection
	GlobalSection(ExtensibilityGlobals) = postSolution
		SolutionGuid = {625EC486-3F75-4F25-B027-FDFB0DECEE2B}
	EndGlobalSection
EndGlobal
